
Microsoft Visual Studio Solution File, Format Version 11.00
# Visual Studio 2010
Project("{FAE04EC0-301F-11D3-BF4B-00C04F79EFBC}") = "StressDataAnalyzer", "StressDataAnalyzer\StressDataAnalyzer.csproj", "{E720EA59-9CEB-4ABA-9937-2864A9DAAF25}"
EndProject
Project("{2150E333-8FDC-42A3-9474-1A3956D46DE8}") = "Solution Items", "Solution Items", "{9BA7C753-18AD-4F5C-BB00-9573D8AD3757}"
	ProjectSection(SolutionItems) = preProject
		Local.testsettings = Local.testsettings
		StressDataAnalyzer.vsmdi = StressDataAnalyzer.vsmdi
		TraceAndTestImpact.testsettings = TraceAndTestImpact.testsettings
	EndProjectSection
EndProject
Project("{FAE04EC0-301F-11D3-BF4B-00C04F79EFBC}") = "StressDataAnalyzerTest", "StressTestAnalyzerTest\StressDataAnalyzerTest.csproj", "{4C11A85E-3AF9-4595-8178-C6B182FDBB9D}"
EndProject
Global
	GlobalSection(TestCaseManagementSettings) = postSolution
		CategoryFile = StressDataAnalyzer.vsmdi
	EndGlobalSection
	GlobalSection(SolutionConfigurationPlatforms) = preSolution
		Debug|Any CPU = Debug|Any CPU
		Debug|Mixed Platforms = Debug|Mixed Platforms
		Debug|x86 = Debug|x86
		Release|Any CPU = Release|Any CPU
		Release|Mixed Platforms = Release|Mixed Platforms
		Release|x86 = Release|x86
	EndGlobalSection
	GlobalSection(ProjectConfigurationPlatforms) = postSolution
		{E720EA59-9CEB-4ABA-9937-2864A9DAAF25}.Debug|Any CPU.ActiveCfg = Debug|x86
		{E720EA59-9CEB-4ABA-9937-2864A9DAAF25}.Debug|Mixed Platforms.ActiveCfg = Debug|x86
		{E720EA59-9CEB-4ABA-9937-2864A9DAAF25}.Debug|Mixed Platforms.Build.0 = Debug|x86
		{E720EA59-9CEB-4ABA-9937-2864A9DAAF25}.Debug|x86.ActiveCfg = Debug|x86
		{E720EA59-9CEB-4ABA-9937-2864A9DAAF25}.Debug|x86.Build.0 = Debug|x86
		{E720EA59-9CEB-4ABA-9937-2864A9DAAF25}.Release|Any CPU.ActiveCfg = Release|x86
		{E720EA59-9CEB-4ABA-9937-2864A9DAAF25}.Release|Mixed Platforms.ActiveCfg = Release|x86
		{E720EA59-9CEB-4ABA-9937-2864A9DAAF25}.Release|Mixed Platforms.Build.0 = Release|x86
		{E720EA59-9CEB-4ABA-9937-2864A9DAAF25}.Release|x86.ActiveCfg = Release|x86
		{E720EA59-9CEB-4ABA-9937-2864A9DAAF25}.Release|x86.Build.0 = Release|x86
		{4C11A85E-3AF9-4595-8178-C6B182FDBB9D}.Debug|Any CPU.ActiveCfg = Debug|Any CPU
		{4C11A85E-3AF9-4595-8178-C6B182FDBB9D}.Debug|Any CPU.Build.0 = Debug|Any CPU
		{4C11A85E-3AF9-4595-8178-C6B182FDBB9D}.Debug|Mixed Platforms.ActiveCfg = Debug|Any CPU
		{4C11A85E-3AF9-4595-8178-C6B182FDBB9D}.Debug|Mixed Platforms.Build.0 = Debug|Any CPU
		{4C11A85E-3AF9-4595-8178-C6B182FDBB9D}.Debug|x86.ActiveCfg = Debug|Any CPU
		{4C11A85E-3AF9-4595-8178-C6B182FDBB9D}.Release|Any CPU.ActiveCfg = Release|Any CPU
		{4C11A85E-3AF9-4595-8178-C6B182FDBB9D}.Release|Any CPU.Build.0 = Release|Any CPU
		{4C11A85E-3AF9-4595-8178-C6B182FDBB9D}.Release|Mixed Platforms.ActiveCfg = Release|Any CPU
		{4C11A85E-3AF9-4595-8178-C6B182FDBB9D}.Release|Mixed Platforms.Build.0 = Release|Any CPU
		{4C11A85E-3AF9-4595-8178-C6B182FDBB9D}.Release|x86.ActiveCfg = Release|Any CPU
	EndGlobalSection
	GlobalSection(SolutionProperties) = preSolution
		HideSolutionNode = FALSE
	EndGlobalSection
	GlobalSection(NestedProjects) = preSolution
		{4C11A85E-3AF9-4595-8178-C6B182FDBB9D} = {9BA7C753-18AD-4F5C-BB00-9573D8AD3757}
	EndGlobalSection
EndGlobal
