
Microsoft Visual Studio Solution File, Format Version 11.00
# Visual Studio 2010
Project("{FAE04EC0-301F-11D3-BF4B-00C04F79EFBC}") = "MeasuringDevice", "MeasuringDevice\MeasuringDevice.csproj", "{C53ABBC5-19D5-40CD-9489-A77AA606256D}"
EndProject
Project("{2150E333-8FDC-42A3-9474-1A3956D46DE8}") = "Solution Items", "Solution Items", "{B1ABF8B8-7D8D-42EB-A27B-1F142753F992}"
	ProjectSection(SolutionItems) = preProject
		Local.testsettings = Local.testsettings
		Module8.vsmdi = Module8.vsmdi
		TraceAndTestImpact.testsettings = TraceAndTestImpact.testsettings
	EndProjectSection
EndProject
Project("{FAE04EC0-301F-11D3-BF4B-00C04F79EFBC}") = "DeviceController", "DeviceController\DeviceController.csproj", "{9107C932-D707-47C9-9A0C-E434A2A9A28D}"
EndProject
Project("{FAE04EC0-301F-11D3-BF4B-00C04F79EFBC}") = "Exercise2TestHarness", "Exercise2TestHarness\Exercise2TestHarness.csproj", "{226DA8EE-E636-4491-92C3-7B5613CDE3A7}"
EndProject
Global
	GlobalSection(TestCaseManagementSettings) = postSolution
		CategoryFile = Module8.vsmdi
	EndGlobalSection
	GlobalSection(SolutionConfigurationPlatforms) = preSolution
		Debug|Any CPU = Debug|Any CPU
		Debug|Mixed Platforms = Debug|Mixed Platforms
		Debug|x86 = Debug|x86
		Release|Any CPU = Release|Any CPU
		Release|Mixed Platforms = Release|Mixed Platforms
		Release|x86 = Release|x86
	EndGlobalSection
	GlobalSection(ProjectConfigurationPlatforms) = postSolution
		{C53ABBC5-19D5-40CD-9489-A77AA606256D}.Debug|Any CPU.ActiveCfg = Debug|x86
		{C53ABBC5-19D5-40CD-9489-A77AA606256D}.Debug|Mixed Platforms.ActiveCfg = Debug|Any CPU
		{C53ABBC5-19D5-40CD-9489-A77AA606256D}.Debug|Mixed Platforms.Build.0 = Debug|Any CPU
		{C53ABBC5-19D5-40CD-9489-A77AA606256D}.Debug|x86.ActiveCfg = Debug|x86
		{C53ABBC5-19D5-40CD-9489-A77AA606256D}.Debug|x86.Build.0 = Debug|x86
		{C53ABBC5-19D5-40CD-9489-A77AA606256D}.Release|Any CPU.ActiveCfg = Release|x86
		{C53ABBC5-19D5-40CD-9489-A77AA606256D}.Release|Mixed Platforms.ActiveCfg = Release|x86
		{C53ABBC5-19D5-40CD-9489-A77AA606256D}.Release|Mixed Platforms.Build.0 = Release|x86
		{C53ABBC5-19D5-40CD-9489-A77AA606256D}.Release|x86.ActiveCfg = Release|x86
		{C53ABBC5-19D5-40CD-9489-A77AA606256D}.Release|x86.Build.0 = Release|x86
		{9107C932-D707-47C9-9A0C-E434A2A9A28D}.Debug|Any CPU.ActiveCfg = Debug|x86
		{9107C932-D707-47C9-9A0C-E434A2A9A28D}.Debug|Mixed Platforms.ActiveCfg = Debug|Any CPU
		{9107C932-D707-47C9-9A0C-E434A2A9A28D}.Debug|Mixed Platforms.Build.0 = Debug|Any CPU
		{9107C932-D707-47C9-9A0C-E434A2A9A28D}.Debug|x86.ActiveCfg = Debug|x86
		{9107C932-D707-47C9-9A0C-E434A2A9A28D}.Debug|x86.Build.0 = Debug|x86
		{9107C932-D707-47C9-9A0C-E434A2A9A28D}.Release|Any CPU.ActiveCfg = Release|x86
		{9107C932-D707-47C9-9A0C-E434A2A9A28D}.Release|Mixed Platforms.ActiveCfg = Release|x86
		{9107C932-D707-47C9-9A0C-E434A2A9A28D}.Release|Mixed Platforms.Build.0 = Release|x86
		{9107C932-D707-47C9-9A0C-E434A2A9A28D}.Release|x86.ActiveCfg = Release|x86
		{9107C932-D707-47C9-9A0C-E434A2A9A28D}.Release|x86.Build.0 = Release|x86
		{226DA8EE-E636-4491-92C3-7B5613CDE3A7}.Debug|Any CPU.ActiveCfg = Debug|x86
		{226DA8EE-E636-4491-92C3-7B5613CDE3A7}.Debug|Mixed Platforms.ActiveCfg = Debug|Any CPU
		{226DA8EE-E636-4491-92C3-7B5613CDE3A7}.Debug|Mixed Platforms.Build.0 = Debug|Any CPU
		{226DA8EE-E636-4491-92C3-7B5613CDE3A7}.Debug|x86.ActiveCfg = Debug|x86
		{226DA8EE-E636-4491-92C3-7B5613CDE3A7}.Debug|x86.Build.0 = Debug|x86
		{226DA8EE-E636-4491-92C3-7B5613CDE3A7}.Release|Any CPU.ActiveCfg = Release|x86
		{226DA8EE-E636-4491-92C3-7B5613CDE3A7}.Release|Mixed Platforms.ActiveCfg = Release|x86
		{226DA8EE-E636-4491-92C3-7B5613CDE3A7}.Release|Mixed Platforms.Build.0 = Release|x86
		{226DA8EE-E636-4491-92C3-7B5613CDE3A7}.Release|x86.ActiveCfg = Release|x86
		{226DA8EE-E636-4491-92C3-7B5613CDE3A7}.Release|x86.Build.0 = Release|x86
	EndGlobalSection
	GlobalSection(SolutionProperties) = preSolution
		HideSolutionNode = FALSE
	EndGlobalSection
EndGlobal
