
Microsoft Visual Studio Solution File, Format Version 11.00
# Visual Studio 2010
Project("{FAE04EC0-301F-11D3-BF4B-00C04F79EFBC}") = "StressTest", "StressTest\StressTest.csproj", "{A669C8C3-86EC-44CA-AC1A-377D40EDE5EB}"
EndProject
Project("{FAE04EC0-301F-11D3-BF4B-00C04F79EFBC}") = "StressTest Test Harness", "StressTest Test Harness\StressTest Test Harness.csproj", "{7CCCB6F0-22FF-4CD2-BC52-BE27E418CD96}"
EndProject
Project("{FAE04EC0-301F-11D3-BF4B-00C04F79EFBC}") = "StressTest Unit Test Project", "StressTest Unit Test Project\StressTest Unit Test Project.csproj", "{C91D9934-D5B2-4FF9-B11D-B5BBFB2E22C3}"
EndProject
Project("{2150E333-8FDC-42A3-9474-1A3956D46DE8}") = "Solution Items", "Solution Items", "{C26CECCF-54C2-4DBD-947F-B8B04E3B3132}"
	ProjectSection(SolutionItems) = preProject
		Local.testsettings = Local.testsettings
		StressTest.vsmdi = StressTest.vsmdi
		TraceAndTestImpact.testsettings = TraceAndTestImpact.testsettings
	EndProjectSection
EndProject
Global
	GlobalSection(TestCaseManagementSettings) = postSolution
		CategoryFile = StressTest.vsmdi
	EndGlobalSection
	GlobalSection(SolutionConfigurationPlatforms) = preSolution
		Debug|Any CPU = Debug|Any CPU
		Debug|Mixed Platforms = Debug|Mixed Platforms
		Debug|x86 = Debug|x86
		Release|Any CPU = Release|Any CPU
		Release|Mixed Platforms = Release|Mixed Platforms
		Release|x86 = Release|x86
	EndGlobalSection
	GlobalSection(ProjectConfigurationPlatforms) = postSolution
		{A669C8C3-86EC-44CA-AC1A-377D40EDE5EB}.Debug|Any CPU.ActiveCfg = Debug|Any CPU
		{A669C8C3-86EC-44CA-AC1A-377D40EDE5EB}.Debug|Any CPU.Build.0 = Debug|Any CPU
		{A669C8C3-86EC-44CA-AC1A-377D40EDE5EB}.Debug|Mixed Platforms.ActiveCfg = Debug|Any CPU
		{A669C8C3-86EC-44CA-AC1A-377D40EDE5EB}.Debug|Mixed Platforms.Build.0 = Debug|Any CPU
		{A669C8C3-86EC-44CA-AC1A-377D40EDE5EB}.Debug|x86.ActiveCfg = Debug|Any CPU
		{A669C8C3-86EC-44CA-AC1A-377D40EDE5EB}.Release|Any CPU.ActiveCfg = Release|Any CPU
		{A669C8C3-86EC-44CA-AC1A-377D40EDE5EB}.Release|Any CPU.Build.0 = Release|Any CPU
		{A669C8C3-86EC-44CA-AC1A-377D40EDE5EB}.Release|Mixed Platforms.ActiveCfg = Release|Any CPU
		{A669C8C3-86EC-44CA-AC1A-377D40EDE5EB}.Release|Mixed Platforms.Build.0 = Release|Any CPU
		{A669C8C3-86EC-44CA-AC1A-377D40EDE5EB}.Release|x86.ActiveCfg = Release|Any CPU
		{7CCCB6F0-22FF-4CD2-BC52-BE27E418CD96}.Debug|Any CPU.ActiveCfg = Debug|x86
		{7CCCB6F0-22FF-4CD2-BC52-BE27E418CD96}.Debug|Mixed Platforms.ActiveCfg = Debug|x86
		{7CCCB6F0-22FF-4CD2-BC52-BE27E418CD96}.Debug|Mixed Platforms.Build.0 = Debug|x86
		{7CCCB6F0-22FF-4CD2-BC52-BE27E418CD96}.Debug|x86.ActiveCfg = Debug|x86
		{7CCCB6F0-22FF-4CD2-BC52-BE27E418CD96}.Debug|x86.Build.0 = Debug|x86
		{7CCCB6F0-22FF-4CD2-BC52-BE27E418CD96}.Release|Any CPU.ActiveCfg = Release|x86
		{7CCCB6F0-22FF-4CD2-BC52-BE27E418CD96}.Release|Mixed Platforms.ActiveCfg = Release|x86
		{7CCCB6F0-22FF-4CD2-BC52-BE27E418CD96}.Release|Mixed Platforms.Build.0 = Release|x86
		{7CCCB6F0-22FF-4CD2-BC52-BE27E418CD96}.Release|x86.ActiveCfg = Release|x86
		{7CCCB6F0-22FF-4CD2-BC52-BE27E418CD96}.Release|x86.Build.0 = Release|x86
		{C91D9934-D5B2-4FF9-B11D-B5BBFB2E22C3}.Debug|Any CPU.ActiveCfg = Debug|Any CPU
		{C91D9934-D5B2-4FF9-B11D-B5BBFB2E22C3}.Debug|Any CPU.Build.0 = Debug|Any CPU
		{C91D9934-D5B2-4FF9-B11D-B5BBFB2E22C3}.Debug|Mixed Platforms.ActiveCfg = Debug|Any CPU
		{C91D9934-D5B2-4FF9-B11D-B5BBFB2E22C3}.Debug|Mixed Platforms.Build.0 = Debug|Any CPU
		{C91D9934-D5B2-4FF9-B11D-B5BBFB2E22C3}.Debug|x86.ActiveCfg = Debug|Any CPU
		{C91D9934-D5B2-4FF9-B11D-B5BBFB2E22C3}.Release|Any CPU.ActiveCfg = Release|Any CPU
		{C91D9934-D5B2-4FF9-B11D-B5BBFB2E22C3}.Release|Any CPU.Build.0 = Release|Any CPU
		{C91D9934-D5B2-4FF9-B11D-B5BBFB2E22C3}.Release|Mixed Platforms.ActiveCfg = Release|Any CPU
		{C91D9934-D5B2-4FF9-B11D-B5BBFB2E22C3}.Release|Mixed Platforms.Build.0 = Release|Any CPU
		{C91D9934-D5B2-4FF9-B11D-B5BBFB2E22C3}.Release|x86.ActiveCfg = Release|Any CPU
	EndGlobalSection
	GlobalSection(SolutionProperties) = preSolution
		HideSolutionNode = FALSE
	EndGlobalSection
	GlobalSection(NestedProjects) = preSolution
		{C91D9934-D5B2-4FF9-B11D-B5BBFB2E22C3} = {C26CECCF-54C2-4DBD-947F-B8B04E3B3132}
	EndGlobalSection
EndGlobal
